
Microsoft Visual Studio Solution File, Format Version 12.00
# Visual Studio 15
VisualStudioVersion = 15.0.28307.136
MinimumVisualStudioVersion = 10.0.40219.1
Project("{159641D6-6404-4A2A-AE62-294DE0FE8301}") = "SummitDWImport12062018", "SummitDWImport12062018\SummitDWImport12062018.dtproj", "{9B04C97D-80C3-4040-983A-F74835B4CDAE}"
EndProject
Global
	GlobalSection(SolutionConfigurationPlatforms) = preSolution
		Development|Default = Development|Default
	EndGlobalSection
	GlobalSection(ProjectConfigurationPlatforms) = postSolution
		{9B04C97D-80C3-4040-983A-F74835B4CDAE}.Development|Default.ActiveCfg = Development
		{9B04C97D-80C3-4040-983A-F74835B4CDAE}.Development|Default.Build.0 = Development
	EndGlobalSection
	GlobalSection(SolutionProperties) = preSolution
		HideSolutionNode = FALSE
	EndGlobalSection
	GlobalSection(ExtensibilityGlobals) = postSolution
		SolutionGuid = {0FCBAD36-0889-43EA-9896-FAB60FCCE0F6}
	EndGlobalSection
EndGlobal
